Microsoft Visual Studio Solution File, Format Version 11.00
# Visual Studio 2008

Project("{AEA3AA24-4CCC-C5FE-CDFE-1D7C6D7F9B19}") = "Cave-Adventure", "Assembly-CSharp.csproj", "{9C74647A-405D-980B-216E-D27A3FA9803D}"
EndProject
Global
	GlobalSection(SolutionConfigurationPlatforms) = preSolution
		Debug|Any CPU = Debug|Any CPU
		Release|Any CPU = Release|Any CPU
	EndGlobalSection
	GlobalSection(ProjectConfigurationPlatforms) = postSolution
		{9C74647A-405D-980B-216E-D27A3FA9803D}.Debug|Any CPU.ActiveCfg = Debug|Any CPU
		{9C74647A-405D-980B-216E-D27A3FA9803D}.Debug|Any CPU.Build.0 = Debug|Any CPU
		{9C74647A-405D-980B-216E-D27A3FA9803D}.Release|Any CPU.ActiveCfg = Release|Any CPU
		{9C74647A-405D-980B-216E-D27A3FA9803D}.Release|Any CPU.Build.0 = Release|Any CPU
	EndGlobalSection
	GlobalSection(SolutionProperties) = preSolution
		HideSolutionNode = FALSE
	EndGlobalSection
	GlobalSection(MonoDevelopProperties) = preSolution
		StartupItem = Assembly-CSharp.csproj
	EndGlobalSection
EndGlobal
