Microsoft Visual Studio Solution File, Format Version 11.00
# Visual Studio 2008

Project("{AEA3AA24-4CCC-C5FE-CDFE-1D7C6D7F9B19}") = "Cave-Adventure", "Assembly-CSharp-firstpass.csproj", "{421823BC-4E7A-59F1-7DD1-063B1D7D114F}"
EndProject
Project("{AEA3AA24-4CCC-C5FE-CDFE-1D7C6D7F9B19}") = "Cave-Adventure", "Assembly-CSharp.csproj", "{9C74647A-405D-980B-216E-D27A3FA9803D}"
EndProject
Project("{AEA3AA24-4CCC-C5FE-CDFE-1D7C6D7F9B19}") = "Cave-Adventure", "Assembly-CSharp-Editor.csproj", "{1F7432B0-DB11-FA15-3A8F-D97BBC9F60D0}"
EndProject
Global
	GlobalSection(SolutionConfigurationPlatforms) = preSolution
		Debug|Any CPU = Debug|Any CPU
		Release|Any CPU = Release|Any CPU
	EndGlobalSection
	GlobalSection(ProjectConfigurationPlatforms) = postSolution
		{421823BC-4E7A-59F1-7DD1-063B1D7D114F}.Debug|Any CPU.ActiveCfg = Debug|Any CPU
		{421823BC-4E7A-59F1-7DD1-063B1D7D114F}.Debug|Any CPU.Build.0 = Debug|Any CPU
		{421823BC-4E7A-59F1-7DD1-063B1D7D114F}.Release|Any CPU.ActiveCfg = Release|Any CPU
		{421823BC-4E7A-59F1-7DD1-063B1D7D114F}.Release|Any CPU.Build.0 = Release|Any CPU
		{9C74647A-405D-980B-216E-D27A3FA9803D}.Debug|Any CPU.ActiveCfg = Debug|Any CPU
		{9C74647A-405D-980B-216E-D27A3FA9803D}.Debug|Any CPU.Build.0 = Debug|Any CPU
		{9C74647A-405D-980B-216E-D27A3FA9803D}.Release|Any CPU.ActiveCfg = Release|Any CPU
		{9C74647A-405D-980B-216E-D27A3FA9803D}.Release|Any CPU.Build.0 = Release|Any CPU
		{1F7432B0-DB11-FA15-3A8F-D97BBC9F60D0}.Debug|Any CPU.ActiveCfg = Debug|Any CPU
		{1F7432B0-DB11-FA15-3A8F-D97BBC9F60D0}.Debug|Any CPU.Build.0 = Debug|Any CPU
		{1F7432B0-DB11-FA15-3A8F-D97BBC9F60D0}.Release|Any CPU.ActiveCfg = Release|Any CPU
		{1F7432B0-DB11-FA15-3A8F-D97BBC9F60D0}.Release|Any CPU.Build.0 = Release|Any CPU
	EndGlobalSection
	GlobalSection(SolutionProperties) = preSolution
		HideSolutionNode = FALSE
	EndGlobalSection
	GlobalSection(MonoDevelopProperties) = preSolution
		StartupItem = Assembly-CSharp.csproj
	EndGlobalSection
EndGlobal
